
Microsoft Visual Studio Solution File, Format Version 12.00
# Visual Studio Version 17
VisualStudioVersion = 17.5.33516.290
MinimumVisualStudioVersion = 10.0.40219.1
Project("{FAE04EC0-301F-11D3-BF4B-00C04F79EFBC}") = "CRUDBasicoDotNet", "CRUDBasicoDotNet\CRUDBasicoDotNet.csproj", "{D50D8EBE-8053-4BB6-8AAB-05AE5F6C95FE}"
EndProject
Global
	GlobalSection(SolutionConfigurationPlatforms) = preSolution
		Debug|Any CPU = Debug|Any CPU
		Release|Any CPU = Release|Any CPU
	EndGlobalSection
	GlobalSection(ProjectConfigurationPlatforms) = postSolution
		{D50D8EBE-8053-4BB6-8AAB-05AE5F6C95FE}.Debug|Any CPU.ActiveCfg = Debug|Any CPU
		{D50D8EBE-8053-4BB6-8AAB-05AE5F6C95FE}.Debug|Any CPU.Build.0 = Debug|Any CPU
		{D50D8EBE-8053-4BB6-8AAB-05AE5F6C95FE}.Release|Any CPU.ActiveCfg = Release|Any CPU
		{D50D8EBE-8053-4BB6-8AAB-05AE5F6C95FE}.Release|Any CPU.Build.0 = Release|Any CPU
	EndGlobalSection
	GlobalSection(SolutionProperties) = preSolution
		HideSolutionNode = FALSE
	EndGlobalSection
	GlobalSection(ExtensibilityGlobals) = postSolution
		SolutionGuid = {B76CE2D5-BC10-411E-B62F-BE0C42DAF0B6}
	EndGlobalSection
EndGlobal
